
Microsoft Visual Studio Solution File, Format Version 12.00
# Visual Studio 15
VisualStudioVersion = 15.0.27130.2027
MinimumVisualStudioVersion = 10.0.40219.1
Project("{FAE04EC0-301F-11D3-BF4B-00C04F79EFBC}") = "Herobook", "Herobook\Herobook.csproj", "{48AC7E52-400B-4D93-A16C-AE98CB7D9D77}"
EndProject
Global
	GlobalSection(SolutionConfigurationPlatforms) = preSolution
		Debug|Any CPU = Debug|Any CPU
		Release|Any CPU = Release|Any CPU
	EndGlobalSection
	GlobalSection(ProjectConfigurationPlatforms) = postSolution
		{48AC7E52-400B-4D93-A16C-AE98CB7D9D77}.Debug|Any CPU.ActiveCfg = Debug|Any CPU
		{48AC7E52-400B-4D93-A16C-AE98CB7D9D77}.Debug|Any CPU.Build.0 = Debug|Any CPU
		{48AC7E52-400B-4D93-A16C-AE98CB7D9D77}.Release|Any CPU.ActiveCfg = Release|Any CPU
		{48AC7E52-400B-4D93-A16C-AE98CB7D9D77}.Release|Any CPU.Build.0 = Release|Any CPU
	EndGlobalSection
	GlobalSection(SolutionProperties) = preSolution
		HideSolutionNode = FALSE
	EndGlobalSection
	GlobalSection(ExtensibilityGlobals) = postSolution
		SolutionGuid = {14E1A89D-49F9-40F5-8C1F-A1B5128B9DA6}
	EndGlobalSection
EndGlobal
